{
	"name": "@fractaldb/adn",
	"version": "0.1.4",
	"lockfileVersion": 2,
	"requires": true,
	"packages": {
		"": {
			"name": "@fractaldb/adn",
			"version": "0.1.4",
			"dependencies": {
				"@types/node": "^15.12.4",
				"bson-objectid": "^2.0.1"
			},
			"devDependencies": {
				"@rollup/plugin-typescript": "^8.2.1",
				"@types/jest": "^26.0.23",
				"ts-jest": "^27.0.3",
				"tslib": "^2.2.0",
				"typescript": "^4.3.2"
			}
		},
		"node_modules/@jest/types": {
			"version": "27.0.2",
			"resolved": "https://registry.npmjs.org/@jest/types/-/types-27.0.2.tgz",
			"integrity": "sha512-XpjCtJ/99HB4PmyJ2vgmN7vT+JLP7RW1FBT9RgnMFS4Dt7cvIyBee8O3/j98aUZ34ZpenPZFqmaaObWSeL65dg==",
			"dev": true,
			"dependencies": {
				"@types/istanbul-lib-coverage": "^2.0.0",
				"@types/istanbul-reports": "^3.0.0",
				"@types/node": "*",
				"@types/yargs": "^16.0.0",
				"chalk": "^4.0.0"
			},
			"engines": {
				"node": "^10.13.0 || ^12.13.0 || ^14.15.0 || >=15.0.0"
			}
		},
		"node_modules/@rollup/plugin-typescript": {
			"version": "8.2.1",
			"resolved": "https://registry.npmjs.org/@rollup/plugin-typescript/-/plugin-typescript-8.2.1.tgz",
			"integrity": "sha512-Qd2E1pleDR4bwyFxqbjt4eJf+wB0UKVMLc7/BAFDGVdAXQMCsD4DUv5/7/ww47BZCYxWtJqe1Lo0KVNswBJlRw==",
			"dev": true,
			"dependencies": {
				"@rollup/pluginutils": "^3.1.0",
				"resolve": "^1.17.0"
			},
			"engines": {
				"node": ">=8.0.0"
			}
		},
		"node_modules/@rollup/pluginutils": {
			"version": "3.1.0",
			"resolved": "https://registry.npmjs.org/@rollup/pluginutils/-/pluginutils-3.1.0.tgz",
			"integrity": "sha512-GksZ6pr6TpIjHm8h9lSQ8pi8BE9VeubNT0OMJ3B5uZJ8pz73NPiqOtCog/x2/QzM1ENChPKxMDhiQuRHsqc+lg==",
			"dev": true,
			"dependencies": {
				"@types/estree": "0.0.39",
				"estree-walker": "^1.0.1",
				"picomatch": "^2.2.2"
			},
			"engines": {
				"node": ">= 8.0.0"
			}
		},
		"node_modules/@types/estree": {
			"version": "0.0.39",
			"resolved": "https://registry.npmjs.org/@types/estree/-/estree-0.0.39.tgz",
			"integrity": "sha512-EYNwp3bU+98cpU4lAWYYL7Zz+2gryWH1qbdDTidVd6hkiR6weksdbMadyXKXNPEkQFhXM+hVO9ZygomHXp+AIw==",
			"dev": true
		},
		"node_modules/@types/istanbul-lib-coverage": {
			"version": "2.0.3",
			"resolved": "https://registry.npmjs.org/@types/istanbul-lib-coverage/-/istanbul-lib-coverage-2.0.3.tgz",
			"integrity": "sha512-sz7iLqvVUg1gIedBOvlkxPlc8/uVzyS5OwGz1cKjXzkl3FpL3al0crU8YGU1WoHkxn0Wxbw5tyi6hvzJKNzFsw==",
			"dev": true
		},
		"node_modules/@types/istanbul-lib-report": {
			"version": "3.0.0",
			"resolved": "https://registry.npmjs.org/@types/istanbul-lib-report/-/istanbul-lib-report-3.0.0.tgz",
			"integrity": "sha512-plGgXAPfVKFoYfa9NpYDAkseG+g6Jr294RqeqcqDixSbU34MZVJRi/P+7Y8GDpzkEwLaGZZOpKIEmeVZNtKsrg==",
			"dev": true,
			"dependencies": {
				"@types/istanbul-lib-coverage": "*"
			}
		},
		"node_modules/@types/istanbul-reports": {
			"version": "3.0.1",
			"resolved": "https://registry.npmjs.org/@types/istanbul-reports/-/istanbul-reports-3.0.1.tgz",
			"integrity": "sha512-c3mAZEuK0lvBp8tmuL74XRKn1+y2dcwOUpH7x4WrF6gk1GIgiluDRgMYQtw2OFcBvAJWlt6ASU3tSqxp0Uu0Aw==",
			"dev": true,
			"dependencies": {
				"@types/istanbul-lib-report": "*"
			}
		},
		"node_modules/@types/jest": {
			"version": "26.0.23",
			"resolved": "https://registry.npmjs.org/@types/jest/-/jest-26.0.23.tgz",
			"integrity": "sha512-ZHLmWMJ9jJ9PTiT58juykZpL7KjwJywFN3Rr2pTSkyQfydf/rk22yS7W8p5DaVUMQ2BQC7oYiU3FjbTM/mYrOA==",
			"dev": true,
			"dependencies": {
				"jest-diff": "^26.0.0",
				"pretty-format": "^26.0.0"
			}
		},
		"node_modules/@types/node": {
			"version": "15.12.4",
			"resolved": "https://registry.npmjs.org/@types/node/-/node-15.12.4.tgz",
			"integrity": "sha512-zrNj1+yqYF4WskCMOHwN+w9iuD12+dGm0rQ35HLl9/Ouuq52cEtd0CH9qMgrdNmi5ejC1/V7vKEXYubB+65DkA=="
		},
		"node_modules/@types/yargs": {
			"version": "16.0.3",
			"resolved": "https://registry.npmjs.org/@types/yargs/-/yargs-16.0.3.tgz",
			"integrity": "sha512-YlFfTGS+zqCgXuXNV26rOIeETOkXnGQXP/pjjL9P0gO/EP9jTmc7pUBhx+jVEIxpq41RX33GQ7N3DzOSfZoglQ==",
			"dev": true,
			"dependencies": {
				"@types/yargs-parser": "*"
			}
		},
		"node_modules/@types/yargs-parser": {
			"version": "20.2.0",
			"resolved": "https://registry.npmjs.org/@types/yargs-parser/-/yargs-parser-20.2.0.tgz",
			"integrity": "sha512-37RSHht+gzzgYeobbG+KWryeAW8J33Nhr69cjTqSYymXVZEN9NbRYWoYlRtDhHKPVT1FyNKwaTPC1NynKZpzRA==",
			"dev": true
		},
		"node_modules/ansi-regex": {
			"version": "5.0.0",
			"resolved": "https://registry.npmjs.org/ansi-regex/-/ansi-regex-5.0.0.tgz",
			"integrity": "sha512-bY6fj56OUQ0hU1KjFNDQuJFezqKdrAyFdIevADiqrWHwSlbmBNMHp5ak2f40Pm8JTFyM2mqxkG6ngkHO11f/lg==",
			"dev": true,
			"engines": {
				"node": ">=8"
			}
		},
		"node_modules/ansi-styles": {
			"version": "4.3.0",
			"resolved": "https://registry.npmjs.org/ansi-styles/-/ansi-styles-4.3.0.tgz",
			"integrity": "sha512-zbB9rCJAT1rbjiVDb2hqKFHNYLxgtk8NURxZ3IZwD3F6NtxbXZQCnnSi1Lkx+IDohdPlFp222wVALIheZJQSEg==",
			"dev": true,
			"dependencies": {
				"color-convert": "^2.0.1"
			},
			"engines": {
				"node": ">=8"
			}
		},
		"node_modules/bs-logger": {
			"version": "0.2.6",
			"resolved": "https://registry.npmjs.org/bs-logger/-/bs-logger-0.2.6.tgz",
			"integrity": "sha512-pd8DCoxmbgc7hyPKOvxtqNcjYoOsABPQdcCUjGp3d42VR2CX1ORhk2A87oqqu5R1kk+76nsxZupkmyd+MVtCog==",
			"dev": true,
			"dependencies": {
				"fast-json-stable-stringify": "2.x"
			},
			"engines": {
				"node": ">= 6"
			}
		},
		"node_modules/bson-objectid": {
			"version": "2.0.1",
			"resolved": "https://registry.npmjs.org/bson-objectid/-/bson-objectid-2.0.1.tgz",
			"integrity": "sha512-b4D1/G4uP9Yks4rv+nDVsZ4ybT1W5nQYw4lfpfaRP2Q18azlR6Oe2BAuirG1lzrwQFtHnJ0nrK5kWKKZVEMUng=="
		},
		"node_modules/buffer-from": {
			"version": "1.1.1",
			"resolved": "https://registry.npmjs.org/buffer-from/-/buffer-from-1.1.1.tgz",
			"integrity": "sha512-MQcXEUbCKtEo7bhqEs6560Hyd4XaovZlO/k9V3hjVUF/zwW7KBVdSK4gIt/bzwS9MbR5qob+F5jusZsb0YQK2A==",
			"dev": true
		},
		"node_modules/chalk": {
			"version": "4.1.1",
			"resolved": "https://registry.npmjs.org/chalk/-/chalk-4.1.1.tgz",
			"integrity": "sha512-diHzdDKxcU+bAsUboHLPEDQiw0qEe0qd7SYUn3HgcFlWgbDcfLGswOHYeGrHKzG9z6UYf01d9VFMfZxPM1xZSg==",
			"dev": true,
			"dependencies": {
				"ansi-styles": "^4.1.0",
				"supports-color": "^7.1.0"
			},
			"engines": {
				"node": ">=10"
			}
		},
		"node_modules/ci-info": {
			"version": "3.2.0",
			"resolved": "https://registry.npmjs.org/ci-info/-/ci-info-3.2.0.tgz",
			"integrity": "sha512-dVqRX7fLUm8J6FgHJ418XuIgDLZDkYcDFTeL6TA2gt5WlIZUQrrH6EZrNClwT/H0FateUsZkGIOPRrLbP+PR9A==",
			"dev": true
		},
		"node_modules/color-convert": {
			"version": "2.0.1",
			"resolved": "https://registry.npmjs.org/color-convert/-/color-convert-2.0.1.tgz",
			"integrity": "sha512-RRECPsj7iu/xb5oKYcsFHSppFNnsj/52OVTRKb4zP5onXwVF3zVmmToNcOfGC+CRDpfK/U584fMg38ZHCaElKQ==",
			"dev": true,
			"dependencies": {
				"color-name": "~1.1.4"
			},
			"engines": {
				"node": ">=7.0.0"
			}
		},
		"node_modules/color-name": {
			"version": "1.1.4",
			"resolved": "https://registry.npmjs.org/color-name/-/color-name-1.1.4.tgz",
			"integrity": "sha512-dOy+3AuW3a2wNbZHIuMZpTcgjGuLU/uBL/ubcZF9OXbDo8ff4O8yVp5Bf0efS8uEoYo5q4Fx7dY9OgQGXgAsQA==",
			"dev": true
		},
		"node_modules/diff-sequences": {
			"version": "26.6.2",
			"resolved": "https://registry.npmjs.org/diff-sequences/-/diff-sequences-26.6.2.tgz",
			"integrity": "sha512-Mv/TDa3nZ9sbc5soK+OoA74BsS3mL37yixCvUAQkiuA4Wz6YtwP/K47n2rv2ovzHZvoiQeA5FTQOschKkEwB0Q==",
			"dev": true,
			"engines": {
				"node": ">= 10.14.2"
			}
		},
		"node_modules/estree-walker": {
			"version": "1.0.1",
			"resolved": "https://registry.npmjs.org/estree-walker/-/estree-walker-1.0.1.tgz",
			"integrity": "sha512-1fMXF3YP4pZZVozF8j/ZLfvnR8NSIljt56UhbZ5PeeDmmGHpgpdwQt7ITlGvYaQukCvuBRMLEiKiYC+oeIg4cg==",
			"dev": true
		},
		"node_modules/fast-json-stable-stringify": {
			"version": "2.1.0",
			"resolved": "https://registry.npmjs.org/fast-json-stable-stringify/-/fast-json-stable-stringify-2.1.0.tgz",
			"integrity": "sha512-lhd/wF+Lk98HZoTCtlVraHtfh5XYijIjalXck7saUtuanSDyLMxnHhSXEDJqHxD7msR8D0uCmqlkwjCV8xvwHw==",
			"dev": true
		},
		"node_modules/function-bind": {
			"version": "1.1.1",
			"resolved": "https://registry.npmjs.org/function-bind/-/function-bind-1.1.1.tgz",
			"integrity": "sha512-yIovAzMX49sF8Yl58fSCWJ5svSLuaibPxXQJFLmBObTuCr0Mf1KiPopGM9NiFjiYBCbfaa2Fh6breQ6ANVTI0A==",
			"dev": true
		},
		"node_modules/graceful-fs": {
			"version": "4.2.6",
			"resolved": "https://registry.npmjs.org/graceful-fs/-/graceful-fs-4.2.6.tgz",
			"integrity": "sha512-nTnJ528pbqxYanhpDYsi4Rd8MAeaBA67+RZ10CM1m3bTAVFEDcd5AuA4a6W5YkGZ1iNXHzZz8T6TBKLeBuNriQ==",
			"dev": true
		},
		"node_modules/has": {
			"version": "1.0.3",
			"resolved": "https://registry.npmjs.org/has/-/has-1.0.3.tgz",
			"integrity": "sha512-f2dvO0VU6Oej7RkWJGrehjbzMAjFp5/VKPp5tTpWIV4JHHZK1/BxbFRtf/siA2SWTe09caDmVtYYzWEIbBS4zw==",
			"dev": true,
			"dependencies": {
				"function-bind": "^1.1.1"
			},
			"engines": {
				"node": ">= 0.4.0"
			}
		},
		"node_modules/has-flag": {
			"version": "4.0.0",
			"resolved": "https://registry.npmjs.org/has-flag/-/has-flag-4.0.0.tgz",
			"integrity": "sha512-EykJT/Q1KjTWctppgIAgfSO0tKVuZUjhgMr17kqTumMl6Afv3EISleU7qZUzoXDFTAHTDC4NOoG/ZxU3EvlMPQ==",
			"dev": true,
			"engines": {
				"node": ">=8"
			}
		},
		"node_modules/is-ci": {
			"version": "3.0.0",
			"resolved": "https://registry.npmjs.org/is-ci/-/is-ci-3.0.0.tgz",
			"integrity": "sha512-kDXyttuLeslKAHYL/K28F2YkM3x5jvFPEw3yXbRptXydjD9rpLEz+C5K5iutY9ZiUu6AP41JdvRQwF4Iqs4ZCQ==",
			"dev": true,
			"dependencies": {
				"ci-info": "^3.1.1"
			},
			"bin": {
				"is-ci": "bin.js"
			}
		},
		"node_modules/is-core-module": {
			"version": "2.4.0",
			"resolved": "https://registry.npmjs.org/is-core-module/-/is-core-module-2.4.0.tgz",
			"integrity": "sha512-6A2fkfq1rfeQZjxrZJGerpLCTHRNEBiSgnu0+obeJpEPZRUooHgsizvzv0ZjJwOz3iWIHdJtVWJ/tmPr3D21/A==",
			"dev": true,
			"dependencies": {
				"has": "^1.0.3"
			}
		},
		"node_modules/jest-diff": {
			"version": "26.6.2",
			"resolved": "https://registry.npmjs.org/jest-diff/-/jest-diff-26.6.2.tgz",
			"integrity": "sha512-6m+9Z3Gv9wN0WFVasqjCL/06+EFCMTqDEUl/b87HYK2rAPTyfz4ZIuSlPhY51PIQRWx5TaxeF1qmXKe9gfN3sA==",
			"dev": true,
			"dependencies": {
				"chalk": "^4.0.0",
				"diff-sequences": "^26.6.2",
				"jest-get-type": "^26.3.0",
				"pretty-format": "^26.6.2"
			},
			"engines": {
				"node": ">= 10.14.2"
			}
		},
		"node_modules/jest-get-type": {
			"version": "26.3.0",
			"resolved": "https://registry.npmjs.org/jest-get-type/-/jest-get-type-26.3.0.tgz",
			"integrity": "sha512-TpfaviN1R2pQWkIihlfEanwOXK0zcxrKEE4MlU6Tn7keoXdN6/3gK/xl0yEh8DOunn5pOVGKf8hB4R9gVh04ig==",
			"dev": true,
			"engines": {
				"node": ">= 10.14.2"
			}
		},
		"node_modules/jest-util": {
			"version": "27.0.2",
			"resolved": "https://registry.npmjs.org/jest-util/-/jest-util-27.0.2.tgz",
			"integrity": "sha512-1d9uH3a00OFGGWSibpNYr+jojZ6AckOMCXV2Z4K3YXDnzpkAaXQyIpY14FOJPiUmil7CD+A6Qs+lnnh6ctRbIA==",
			"dev": true,
			"dependencies": {
				"@jest/types": "^27.0.2",
				"@types/node": "*",
				"chalk": "^4.0.0",
				"graceful-fs": "^4.2.4",
				"is-ci": "^3.0.0",
				"picomatch": "^2.2.3"
			},
			"engines": {
				"node": "^10.13.0 || ^12.13.0 || ^14.15.0 || >=15.0.0"
			}
		},
		"node_modules/json5": {
			"version": "2.2.0",
			"resolved": "https://registry.npmjs.org/json5/-/json5-2.2.0.tgz",
			"integrity": "sha512-f+8cldu7X/y7RAJurMEJmdoKXGB/X550w2Nr3tTbezL6RwEE/iMcm+tZnXeoZtKuOq6ft8+CqzEkrIgx1fPoQA==",
			"dev": true,
			"dependencies": {
				"minimist": "^1.2.5"
			},
			"bin": {
				"json5": "lib/cli.js"
			},
			"engines": {
				"node": ">=6"
			}
		},
		"node_modules/lodash": {
			"version": "4.17.21",
			"resolved": "https://registry.npmjs.org/lodash/-/lodash-4.17.21.tgz",
			"integrity": "sha512-v2kDEe57lecTulaDIuNTPy3Ry4gLGJ6Z1O3vE1krgXZNrsQ+LFTGHVxVjcXPs17LhbZVGedAJv8XZ1tvj5FvSg==",
			"dev": true
		},
		"node_modules/lru-cache": {
			"version": "6.0.0",
			"resolved": "https://registry.npmjs.org/lru-cache/-/lru-cache-6.0.0.tgz",
			"integrity": "sha512-Jo6dJ04CmSjuznwJSS3pUeWmd/H0ffTlkXXgwZi+eq1UCmqQwCh+eLsYOYCwY991i2Fah4h1BEMCx4qThGbsiA==",
			"dev": true,
			"dependencies": {
				"yallist": "^4.0.0"
			},
			"engines": {
				"node": ">=10"
			}
		},
		"node_modules/make-error": {
			"version": "1.3.6",
			"resolved": "https://registry.npmjs.org/make-error/-/make-error-1.3.6.tgz",
			"integrity": "sha512-s8UhlNe7vPKomQhC1qFelMokr/Sc3AgNbso3n74mVPA5LTZwkB9NlXf4XPamLxJE8h0gh73rM94xvwRT2CVInw==",
			"dev": true
		},
		"node_modules/minimist": {
			"version": "1.2.5",
			"resolved": "https://registry.npmjs.org/minimist/-/minimist-1.2.5.tgz",
			"integrity": "sha512-FM9nNUYrRBAELZQT3xeZQ7fmMOBg6nWNmJKTcgsJeaLstP/UODVpGsr5OhXhhXg6f+qtJ8uiZ+PUxkDWcgIXLw==",
			"dev": true
		},
		"node_modules/mkdirp": {
			"version": "1.0.4",
			"resolved": "https://registry.npmjs.org/mkdirp/-/mkdirp-1.0.4.tgz",
			"integrity": "sha512-vVqVZQyf3WLx2Shd0qJ9xuvqgAyKPLAiqITEtqW0oIUjzo3PePDd6fW9iFz30ef7Ysp/oiWqbhszeGWW2T6Gzw==",
			"dev": true,
			"bin": {
				"mkdirp": "bin/cmd.js"
			},
			"engines": {
				"node": ">=10"
			}
		},
		"node_modules/path-parse": {
			"version": "1.0.7",
			"resolved": "https://registry.npmjs.org/path-parse/-/path-parse-1.0.7.tgz",
			"integrity": "sha512-LDJzPVEEEPR+y48z93A0Ed0yXb8pAByGWo/k5YYdYgpY2/2EsOsksJrq7lOHxryrVOn1ejG6oAp8ahvOIQD8sw==",
			"dev": true
		},
		"node_modules/picomatch": {
			"version": "2.3.0",
			"resolved": "https://registry.npmjs.org/picomatch/-/picomatch-2.3.0.tgz",
			"integrity": "sha512-lY1Q/PiJGC2zOv/z391WOTD+Z02bCgsFfvxoXXf6h7kv9o+WmsmzYqrAwY63sNgOxE4xEdq0WyUnXfKeBrSvYw==",
			"dev": true,
			"engines": {
				"node": ">=8.6"
			}
		},
		"node_modules/pretty-format": {
			"version": "26.6.2",
			"resolved": "https://registry.npmjs.org/pretty-format/-/pretty-format-26.6.2.tgz",
			"integrity": "sha512-7AeGuCYNGmycyQbCqd/3PWH4eOoX/OiCa0uphp57NVTeAGdJGaAliecxwBDHYQCIvrW7aDBZCYeNTP/WX69mkg==",
			"dev": true,
			"dependencies": {
				"@jest/types": "^26.6.2",
				"ansi-regex": "^5.0.0",
				"ansi-styles": "^4.0.0",
				"react-is": "^17.0.1"
			},
			"engines": {
				"node": ">= 10"
			}
		},
		"node_modules/pretty-format/node_modules/@jest/types": {
			"version": "26.6.2",
			"resolved": "https://registry.npmjs.org/@jest/types/-/types-26.6.2.tgz",
			"integrity": "sha512-fC6QCp7Sc5sX6g8Tvbmj4XUTbyrik0akgRy03yjXbQaBWWNWGE7SGtJk98m0N8nzegD/7SggrUlivxo5ax4KWQ==",
			"dev": true,
			"dependencies": {
				"@types/istanbul-lib-coverage": "^2.0.0",
				"@types/istanbul-reports": "^3.0.0",
				"@types/node": "*",
				"@types/yargs": "^15.0.0",
				"chalk": "^4.0.0"
			},
			"engines": {
				"node": ">= 10.14.2"
			}
		},
		"node_modules/pretty-format/node_modules/@types/yargs": {
			"version": "15.0.13",
			"resolved": "https://registry.npmjs.org/@types/yargs/-/yargs-15.0.13.tgz",
			"integrity": "sha512-kQ5JNTrbDv3Rp5X2n/iUu37IJBDU2gsZ5R/g1/KHOOEc5IKfUFjXT6DENPGduh08I/pamwtEq4oul7gUqKTQDQ==",
			"dev": true,
			"dependencies": {
				"@types/yargs-parser": "*"
			}
		},
		"node_modules/react-is": {
			"version": "17.0.2",
			"resolved": "https://registry.npmjs.org/react-is/-/react-is-17.0.2.tgz",
			"integrity": "sha512-w2GsyukL62IJnlaff/nRegPQR94C/XXamvMWmSHRJ4y7Ts/4ocGRmTHvOs8PSE6pB3dWOrD/nueuU5sduBsQ4w==",
			"dev": true
		},
		"node_modules/resolve": {
			"version": "1.20.0",
			"resolved": "https://registry.npmjs.org/resolve/-/resolve-1.20.0.tgz",
			"integrity": "sha512-wENBPt4ySzg4ybFQW2TT1zMQucPK95HSh/nq2CFTZVOGut2+pQvSsgtda4d26YrYcr067wjbmzOG8byDPBX63A==",
			"dev": true,
			"dependencies": {
				"is-core-module": "^2.2.0",
				"path-parse": "^1.0.6"
			}
		},
		"node_modules/supports-color": {
			"version": "7.2.0",
			"resolved": "https://registry.npmjs.org/supports-color/-/supports-color-7.2.0.tgz",
			"integrity": "sha512-qpCAvRl9stuOHveKsn7HncJRvv501qIacKzQlO/+Lwxc9+0q2wLyv4Dfvt80/DPn2pqOBsJdDiogXGR9+OvwRw==",
			"dev": true,
			"dependencies": {
				"has-flag": "^4.0.0"
			},
			"engines": {
				"node": ">=8"
			}
		},
		"node_modules/ts-jest": {
			"version": "27.0.3",
			"resolved": "https://registry.npmjs.org/ts-jest/-/ts-jest-27.0.3.tgz",
			"integrity": "sha512-U5rdMjnYam9Ucw+h0QvtNDbc5+88nxt7tbIvqaZUhFrfG4+SkWhMXjejCLVGcpILTPuV+H3W/GZDZrnZFpPeXw==",
			"dev": true,
			"dependencies": {
				"bs-logger": "0.x",
				"buffer-from": "1.x",
				"fast-json-stable-stringify": "2.x",
				"jest-util": "^27.0.0",
				"json5": "2.x",
				"lodash": "4.x",
				"make-error": "1.x",
				"mkdirp": "1.x",
				"semver": "7.x",
				"yargs-parser": "20.x"
			},
			"bin": {
				"ts-jest": "cli.js"
			},
			"engines": {
				"node": "^10.13.0 || ^12.13.0 || ^14.15.0 || >=15.0.0"
			}
		},
		"node_modules/ts-jest/node_modules/semver": {
			"version": "7.3.5",
			"resolved": "https://registry.npmjs.org/semver/-/semver-7.3.5.tgz",
			"integrity": "sha512-PoeGJYh8HK4BTO/a9Tf6ZG3veo/A7ZVsYrSA6J8ny9nb3B1VrpkuN+z9OE5wfE5p6H4LchYZsegiQgbJD94ZFQ==",
			"dev": true,
			"dependencies": {
				"lru-cache": "^6.0.0"
			},
			"bin": {
				"semver": "bin/semver.js"
			},
			"engines": {
				"node": ">=10"
			}
		},
		"node_modules/tslib": {
			"version": "2.2.0",
			"resolved": "https://registry.npmjs.org/tslib/-/tslib-2.2.0.tgz",
			"integrity": "sha512-gS9GVHRU+RGn5KQM2rllAlR3dU6m7AcpJKdtH8gFvQiC4Otgk98XnmMU+nZenHt/+VhnBPWwgrJsyrdcw6i23w==",
			"dev": true
		},
		"node_modules/typescript": {
			"version": "4.3.2",
			"resolved": "https://registry.npmjs.org/typescript/-/typescript-4.3.2.tgz",
			"integrity": "sha512-zZ4hShnmnoVnAHpVHWpTcxdv7dWP60S2FsydQLV8V5PbS3FifjWFFRiHSWpDJahly88PRyV5teTSLoq4eG7mKw==",
			"dev": true,
			"bin": {
				"tsc": "bin/tsc",
				"tsserver": "bin/tsserver"
			},
			"engines": {
				"node": ">=4.2.0"
			}
		},
		"node_modules/yallist": {
			"version": "4.0.0",
			"resolved": "https://registry.npmjs.org/yallist/-/yallist-4.0.0.tgz",
			"integrity": "sha512-3wdGidZyq5PB084XLES5TpOSRA3wjXAlIWMhum2kRcv/41Sn2emQ0dycQW4uZXLejwKvg6EsvbdlVL+FYEct7A==",
			"dev": true
		},
		"node_modules/yargs-parser": {
			"version": "20.2.7",
			"resolved": "https://registry.npmjs.org/yargs-parser/-/yargs-parser-20.2.7.tgz",
			"integrity": "sha512-FiNkvbeHzB/syOjIUxFDCnhSfzAL8R5vs40MgLFBorXACCOAEaWu0gRZl14vG8MR9AOJIZbmkjhusqBYZ3HTHw==",
			"dev": true,
			"engines": {
				"node": ">=10"
			}
		}
	},
	"dependencies": {
		"@jest/types": {
			"version": "27.0.2",
			"resolved": "https://registry.npmjs.org/@jest/types/-/types-27.0.2.tgz",
			"integrity": "sha512-XpjCtJ/99HB4PmyJ2vgmN7vT+JLP7RW1FBT9RgnMFS4Dt7cvIyBee8O3/j98aUZ34ZpenPZFqmaaObWSeL65dg==",
			"dev": true,
			"requires": {
				"@types/istanbul-lib-coverage": "^2.0.0",
				"@types/istanbul-reports": "^3.0.0",
				"@types/node": "*",
				"@types/yargs": "^16.0.0",
				"chalk": "^4.0.0"
			}
		},
		"@rollup/plugin-typescript": {
			"version": "8.2.1",
			"resolved": "https://registry.npmjs.org/@rollup/plugin-typescript/-/plugin-typescript-8.2.1.tgz",
			"integrity": "sha512-Qd2E1pleDR4bwyFxqbjt4eJf+wB0UKVMLc7/BAFDGVdAXQMCsD4DUv5/7/ww47BZCYxWtJqe1Lo0KVNswBJlRw==",
			"dev": true,
			"requires": {
				"@rollup/pluginutils": "^3.1.0",
				"resolve": "^1.17.0"
			}
		},
		"@rollup/pluginutils": {
			"version": "3.1.0",
			"resolved": "https://registry.npmjs.org/@rollup/pluginutils/-/pluginutils-3.1.0.tgz",
			"integrity": "sha512-GksZ6pr6TpIjHm8h9lSQ8pi8BE9VeubNT0OMJ3B5uZJ8pz73NPiqOtCog/x2/QzM1ENChPKxMDhiQuRHsqc+lg==",
			"dev": true,
			"requires": {
				"@types/estree": "0.0.39",
				"estree-walker": "^1.0.1",
				"picomatch": "^2.2.2"
			}
		},
		"@types/estree": {
			"version": "0.0.39",
			"resolved": "https://registry.npmjs.org/@types/estree/-/estree-0.0.39.tgz",
			"integrity": "sha512-EYNwp3bU+98cpU4lAWYYL7Zz+2gryWH1qbdDTidVd6hkiR6weksdbMadyXKXNPEkQFhXM+hVO9ZygomHXp+AIw==",
			"dev": true
		},
		"@types/istanbul-lib-coverage": {
			"version": "2.0.3",
			"resolved": "https://registry.npmjs.org/@types/istanbul-lib-coverage/-/istanbul-lib-coverage-2.0.3.tgz",
			"integrity": "sha512-sz7iLqvVUg1gIedBOvlkxPlc8/uVzyS5OwGz1cKjXzkl3FpL3al0crU8YGU1WoHkxn0Wxbw5tyi6hvzJKNzFsw==",
			"dev": true
		},
		"@types/istanbul-lib-report": {
			"version": "3.0.0",
			"resolved": "https://registry.npmjs.org/@types/istanbul-lib-report/-/istanbul-lib-report-3.0.0.tgz",
			"integrity": "sha512-plGgXAPfVKFoYfa9NpYDAkseG+g6Jr294RqeqcqDixSbU34MZVJRi/P+7Y8GDpzkEwLaGZZOpKIEmeVZNtKsrg==",
			"dev": true,
			"requires": {
				"@types/istanbul-lib-coverage": "*"
			}
		},
		"@types/istanbul-reports": {
			"version": "3.0.1",
			"resolved": "https://registry.npmjs.org/@types/istanbul-reports/-/istanbul-reports-3.0.1.tgz",
			"integrity": "sha512-c3mAZEuK0lvBp8tmuL74XRKn1+y2dcwOUpH7x4WrF6gk1GIgiluDRgMYQtw2OFcBvAJWlt6ASU3tSqxp0Uu0Aw==",
			"dev": true,
			"requires": {
				"@types/istanbul-lib-report": "*"
			}
		},
		"@types/jest": {
			"version": "26.0.23",
			"resolved": "https://registry.npmjs.org/@types/jest/-/jest-26.0.23.tgz",
			"integrity": "sha512-ZHLmWMJ9jJ9PTiT58juykZpL7KjwJywFN3Rr2pTSkyQfydf/rk22yS7W8p5DaVUMQ2BQC7oYiU3FjbTM/mYrOA==",
			"dev": true,
			"requires": {
				"jest-diff": "^26.0.0",
				"pretty-format": "^26.0.0"
			}
		},
		"@types/node": {
			"version": "15.12.4",
			"resolved": "https://registry.npmjs.org/@types/node/-/node-15.12.4.tgz",
			"integrity": "sha512-zrNj1+yqYF4WskCMOHwN+w9iuD12+dGm0rQ35HLl9/Ouuq52cEtd0CH9qMgrdNmi5ejC1/V7vKEXYubB+65DkA=="
		},
		"@types/yargs": {
			"version": "16.0.3",
			"resolved": "https://registry.npmjs.org/@types/yargs/-/yargs-16.0.3.tgz",
			"integrity": "sha512-YlFfTGS+zqCgXuXNV26rOIeETOkXnGQXP/pjjL9P0gO/EP9jTmc7pUBhx+jVEIxpq41RX33GQ7N3DzOSfZoglQ==",
			"dev": true,
			"requires": {
				"@types/yargs-parser": "*"
			}
		},
		"@types/yargs-parser": {
			"version": "20.2.0",
			"resolved": "https://registry.npmjs.org/@types/yargs-parser/-/yargs-parser-20.2.0.tgz",
			"integrity": "sha512-37RSHht+gzzgYeobbG+KWryeAW8J33Nhr69cjTqSYymXVZEN9NbRYWoYlRtDhHKPVT1FyNKwaTPC1NynKZpzRA==",
			"dev": true
		},
		"ansi-regex": {
			"version": "5.0.0",
			"resolved": "https://registry.npmjs.org/ansi-regex/-/ansi-regex-5.0.0.tgz",
			"integrity": "sha512-bY6fj56OUQ0hU1KjFNDQuJFezqKdrAyFdIevADiqrWHwSlbmBNMHp5ak2f40Pm8JTFyM2mqxkG6ngkHO11f/lg==",
			"dev": true
		},
		"ansi-styles": {
			"version": "4.3.0",
			"resolved": "https://registry.npmjs.org/ansi-styles/-/ansi-styles-4.3.0.tgz",
			"integrity": "sha512-zbB9rCJAT1rbjiVDb2hqKFHNYLxgtk8NURxZ3IZwD3F6NtxbXZQCnnSi1Lkx+IDohdPlFp222wVALIheZJQSEg==",
			"dev": true,
			"requires": {
				"color-convert": "^2.0.1"
			}
		},
		"bs-logger": {
			"version": "0.2.6",
			"resolved": "https://registry.npmjs.org/bs-logger/-/bs-logger-0.2.6.tgz",
			"integrity": "sha512-pd8DCoxmbgc7hyPKOvxtqNcjYoOsABPQdcCUjGp3d42VR2CX1ORhk2A87oqqu5R1kk+76nsxZupkmyd+MVtCog==",
			"dev": true,
			"requires": {
				"fast-json-stable-stringify": "2.x"
			}
		},
		"bson-objectid": {
			"version": "2.0.1",
			"resolved": "https://registry.npmjs.org/bson-objectid/-/bson-objectid-2.0.1.tgz",
			"integrity": "sha512-b4D1/G4uP9Yks4rv+nDVsZ4ybT1W5nQYw4lfpfaRP2Q18azlR6Oe2BAuirG1lzrwQFtHnJ0nrK5kWKKZVEMUng=="
		},
		"buffer-from": {
			"version": "1.1.1",
			"resolved": "https://registry.npmjs.org/buffer-from/-/buffer-from-1.1.1.tgz",
			"integrity": "sha512-MQcXEUbCKtEo7bhqEs6560Hyd4XaovZlO/k9V3hjVUF/zwW7KBVdSK4gIt/bzwS9MbR5qob+F5jusZsb0YQK2A==",
			"dev": true
		},
		"chalk": {
			"version": "4.1.1",
			"resolved": "https://registry.npmjs.org/chalk/-/chalk-4.1.1.tgz",
			"integrity": "sha512-diHzdDKxcU+bAsUboHLPEDQiw0qEe0qd7SYUn3HgcFlWgbDcfLGswOHYeGrHKzG9z6UYf01d9VFMfZxPM1xZSg==",
			"dev": true,
			"requires": {
				"ansi-styles": "^4.1.0",
				"supports-color": "^7.1.0"
			}
		},
		"ci-info": {
			"version": "3.2.0",
			"resolved": "https://registry.npmjs.org/ci-info/-/ci-info-3.2.0.tgz",
			"integrity": "sha512-dVqRX7fLUm8J6FgHJ418XuIgDLZDkYcDFTeL6TA2gt5WlIZUQrrH6EZrNClwT/H0FateUsZkGIOPRrLbP+PR9A==",
			"dev": true
		},
		"color-convert": {
			"version": "2.0.1",
			"resolved": "https://registry.npmjs.org/color-convert/-/color-convert-2.0.1.tgz",
			"integrity": "sha512-RRECPsj7iu/xb5oKYcsFHSppFNnsj/52OVTRKb4zP5onXwVF3zVmmToNcOfGC+CRDpfK/U584fMg38ZHCaElKQ==",
			"dev": true,
			"requires": {
				"color-name": "~1.1.4"
			}
		},
		"color-name": {
			"version": "1.1.4",
			"resolved": "https://registry.npmjs.org/color-name/-/color-name-1.1.4.tgz",
			"integrity": "sha512-dOy+3AuW3a2wNbZHIuMZpTcgjGuLU/uBL/ubcZF9OXbDo8ff4O8yVp5Bf0efS8uEoYo5q4Fx7dY9OgQGXgAsQA==",
			"dev": true
		},
		"diff-sequences": {
			"version": "26.6.2",
			"resolved": "https://registry.npmjs.org/diff-sequences/-/diff-sequences-26.6.2.tgz",
			"integrity": "sha512-Mv/TDa3nZ9sbc5soK+OoA74BsS3mL37yixCvUAQkiuA4Wz6YtwP/K47n2rv2ovzHZvoiQeA5FTQOschKkEwB0Q==",
			"dev": true
		},
		"estree-walker": {
			"version": "1.0.1",
			"resolved": "https://registry.npmjs.org/estree-walker/-/estree-walker-1.0.1.tgz",
			"integrity": "sha512-1fMXF3YP4pZZVozF8j/ZLfvnR8NSIljt56UhbZ5PeeDmmGHpgpdwQt7ITlGvYaQukCvuBRMLEiKiYC+oeIg4cg==",
			"dev": true
		},
		"fast-json-stable-stringify": {
			"version": "2.1.0",
			"resolved": "https://registry.npmjs.org/fast-json-stable-stringify/-/fast-json-stable-stringify-2.1.0.tgz",
			"integrity": "sha512-lhd/wF+Lk98HZoTCtlVraHtfh5XYijIjalXck7saUtuanSDyLMxnHhSXEDJqHxD7msR8D0uCmqlkwjCV8xvwHw==",
			"dev": true
		},
		"function-bind": {
			"version": "1.1.1",
			"resolved": "https://registry.npmjs.org/function-bind/-/function-bind-1.1.1.tgz",
			"integrity": "sha512-yIovAzMX49sF8Yl58fSCWJ5svSLuaibPxXQJFLmBObTuCr0Mf1KiPopGM9NiFjiYBCbfaa2Fh6breQ6ANVTI0A==",
			"dev": true
		},
		"graceful-fs": {
			"version": "4.2.6",
			"resolved": "https://registry.npmjs.org/graceful-fs/-/graceful-fs-4.2.6.tgz",
			"integrity": "sha512-nTnJ528pbqxYanhpDYsi4Rd8MAeaBA67+RZ10CM1m3bTAVFEDcd5AuA4a6W5YkGZ1iNXHzZz8T6TBKLeBuNriQ==",
			"dev": true
		},
		"has": {
			"version": "1.0.3",
			"resolved": "https://registry.npmjs.org/has/-/has-1.0.3.tgz",
			"integrity": "sha512-f2dvO0VU6Oej7RkWJGrehjbzMAjFp5/VKPp5tTpWIV4JHHZK1/BxbFRtf/siA2SWTe09caDmVtYYzWEIbBS4zw==",
			"dev": true,
			"requires": {
				"function-bind": "^1.1.1"
			}
		},
		"has-flag": {
			"version": "4.0.0",
			"resolved": "https://registry.npmjs.org/has-flag/-/has-flag-4.0.0.tgz",
			"integrity": "sha512-EykJT/Q1KjTWctppgIAgfSO0tKVuZUjhgMr17kqTumMl6Afv3EISleU7qZUzoXDFTAHTDC4NOoG/ZxU3EvlMPQ==",
			"dev": true
		},
		"is-ci": {
			"version": "3.0.0",
			"resolved": "https://registry.npmjs.org/is-ci/-/is-ci-3.0.0.tgz",
			"integrity": "sha512-kDXyttuLeslKAHYL/K28F2YkM3x5jvFPEw3yXbRptXydjD9rpLEz+C5K5iutY9ZiUu6AP41JdvRQwF4Iqs4ZCQ==",
			"dev": true,
			"requires": {
				"ci-info": "^3.1.1"
			}
		},
		"is-core-module": {
			"version": "2.4.0",
			"resolved": "https://registry.npmjs.org/is-core-module/-/is-core-module-2.4.0.tgz",
			"integrity": "sha512-6A2fkfq1rfeQZjxrZJGerpLCTHRNEBiSgnu0+obeJpEPZRUooHgsizvzv0ZjJwOz3iWIHdJtVWJ/tmPr3D21/A==",
			"dev": true,
			"requires": {
				"has": "^1.0.3"
			}
		},
		"jest-diff": {
			"version": "26.6.2",
			"resolved": "https://registry.npmjs.org/jest-diff/-/jest-diff-26.6.2.tgz",
			"integrity": "sha512-6m+9Z3Gv9wN0WFVasqjCL/06+EFCMTqDEUl/b87HYK2rAPTyfz4ZIuSlPhY51PIQRWx5TaxeF1qmXKe9gfN3sA==",
			"dev": true,
			"requires": {
				"chalk": "^4.0.0",
				"diff-sequences": "^26.6.2",
				"jest-get-type": "^26.3.0",
				"pretty-format": "^26.6.2"
			}
		},
		"jest-get-type": {
			"version": "26.3.0",
			"resolved": "https://registry.npmjs.org/jest-get-type/-/jest-get-type-26.3.0.tgz",
			"integrity": "sha512-TpfaviN1R2pQWkIihlfEanwOXK0zcxrKEE4MlU6Tn7keoXdN6/3gK/xl0yEh8DOunn5pOVGKf8hB4R9gVh04ig==",
			"dev": true
		},
		"jest-util": {
			"version": "27.0.2",
			"resolved": "https://registry.npmjs.org/jest-util/-/jest-util-27.0.2.tgz",
			"integrity": "sha512-1d9uH3a00OFGGWSibpNYr+jojZ6AckOMCXV2Z4K3YXDnzpkAaXQyIpY14FOJPiUmil7CD+A6Qs+lnnh6ctRbIA==",
			"dev": true,
			"requires": {
				"@jest/types": "^27.0.2",
				"@types/node": "*",
				"chalk": "^4.0.0",
				"graceful-fs": "^4.2.4",
				"is-ci": "^3.0.0",
				"picomatch": "^2.2.3"
			}
		},
		"json5": {
			"version": "2.2.0",
			"resolved": "https://registry.npmjs.org/json5/-/json5-2.2.0.tgz",
			"integrity": "sha512-f+8cldu7X/y7RAJurMEJmdoKXGB/X550w2Nr3tTbezL6RwEE/iMcm+tZnXeoZtKuOq6ft8+CqzEkrIgx1fPoQA==",
			"dev": true,
			"requires": {
				"minimist": "^1.2.5"
			}
		},
		"lodash": {
			"version": "4.17.21",
			"resolved": "https://registry.npmjs.org/lodash/-/lodash-4.17.21.tgz",
			"integrity": "sha512-v2kDEe57lecTulaDIuNTPy3Ry4gLGJ6Z1O3vE1krgXZNrsQ+LFTGHVxVjcXPs17LhbZVGedAJv8XZ1tvj5FvSg==",
			"dev": true
		},
		"lru-cache": {
			"version": "6.0.0",
			"resolved": "https://registry.npmjs.org/lru-cache/-/lru-cache-6.0.0.tgz",
			"integrity": "sha512-Jo6dJ04CmSjuznwJSS3pUeWmd/H0ffTlkXXgwZi+eq1UCmqQwCh+eLsYOYCwY991i2Fah4h1BEMCx4qThGbsiA==",
			"dev": true,
			"requires": {
				"yallist": "^4.0.0"
			}
		},
		"make-error": {
			"version": "1.3.6",
			"resolved": "https://registry.npmjs.org/make-error/-/make-error-1.3.6.tgz",
			"integrity": "sha512-s8UhlNe7vPKomQhC1qFelMokr/Sc3AgNbso3n74mVPA5LTZwkB9NlXf4XPamLxJE8h0gh73rM94xvwRT2CVInw==",
			"dev": true
		},
		"minimist": {
			"version": "1.2.5",
			"resolved": "https://registry.npmjs.org/minimist/-/minimist-1.2.5.tgz",
			"integrity": "sha512-FM9nNUYrRBAELZQT3xeZQ7fmMOBg6nWNmJKTcgsJeaLstP/UODVpGsr5OhXhhXg6f+qtJ8uiZ+PUxkDWcgIXLw==",
			"dev": true
		},
		"mkdirp": {
			"version": "1.0.4",
			"resolved": "https://registry.npmjs.org/mkdirp/-/mkdirp-1.0.4.tgz",
			"integrity": "sha512-vVqVZQyf3WLx2Shd0qJ9xuvqgAyKPLAiqITEtqW0oIUjzo3PePDd6fW9iFz30ef7Ysp/oiWqbhszeGWW2T6Gzw==",
			"dev": true
		},
		"path-parse": {
			"version": "1.0.7",
			"resolved": "https://registry.npmjs.org/path-parse/-/path-parse-1.0.7.tgz",
			"integrity": "sha512-LDJzPVEEEPR+y48z93A0Ed0yXb8pAByGWo/k5YYdYgpY2/2EsOsksJrq7lOHxryrVOn1ejG6oAp8ahvOIQD8sw==",
			"dev": true
		},
		"picomatch": {
			"version": "2.3.0",
			"resolved": "https://registry.npmjs.org/picomatch/-/picomatch-2.3.0.tgz",
			"integrity": "sha512-lY1Q/PiJGC2zOv/z391WOTD+Z02bCgsFfvxoXXf6h7kv9o+WmsmzYqrAwY63sNgOxE4xEdq0WyUnXfKeBrSvYw==",
			"dev": true
		},
		"pretty-format": {
			"version": "26.6.2",
			"resolved": "https://registry.npmjs.org/pretty-format/-/pretty-format-26.6.2.tgz",
			"integrity": "sha512-7AeGuCYNGmycyQbCqd/3PWH4eOoX/OiCa0uphp57NVTeAGdJGaAliecxwBDHYQCIvrW7aDBZCYeNTP/WX69mkg==",
			"dev": true,
			"requires": {
				"@jest/types": "^26.6.2",
				"ansi-regex": "^5.0.0",
				"ansi-styles": "^4.0.0",
				"react-is": "^17.0.1"
			},
			"dependencies": {
				"@jest/types": {
					"version": "26.6.2",
					"resolved": "https://registry.npmjs.org/@jest/types/-/types-26.6.2.tgz",
					"integrity": "sha512-fC6QCp7Sc5sX6g8Tvbmj4XUTbyrik0akgRy03yjXbQaBWWNWGE7SGtJk98m0N8nzegD/7SggrUlivxo5ax4KWQ==",
					"dev": true,
					"requires": {
						"@types/istanbul-lib-coverage": "^2.0.0",
						"@types/istanbul-reports": "^3.0.0",
						"@types/node": "*",
						"@types/yargs": "^15.0.0",
						"chalk": "^4.0.0"
					}
				},
				"@types/yargs": {
					"version": "15.0.13",
					"resolved": "https://registry.npmjs.org/@types/yargs/-/yargs-15.0.13.tgz",
					"integrity": "sha512-kQ5JNTrbDv3Rp5X2n/iUu37IJBDU2gsZ5R/g1/KHOOEc5IKfUFjXT6DENPGduh08I/pamwtEq4oul7gUqKTQDQ==",
					"dev": true,
					"requires": {
						"@types/yargs-parser": "*"
					}
				}
			}
		},
		"react-is": {
			"version": "17.0.2",
			"resolved": "https://registry.npmjs.org/react-is/-/react-is-17.0.2.tgz",
			"integrity": "sha512-w2GsyukL62IJnlaff/nRegPQR94C/XXamvMWmSHRJ4y7Ts/4ocGRmTHvOs8PSE6pB3dWOrD/nueuU5sduBsQ4w==",
			"dev": true
		},
		"resolve": {
			"version": "1.20.0",
			"resolved": "https://registry.npmjs.org/resolve/-/resolve-1.20.0.tgz",
			"integrity": "sha512-wENBPt4ySzg4ybFQW2TT1zMQucPK95HSh/nq2CFTZVOGut2+pQvSsgtda4d26YrYcr067wjbmzOG8byDPBX63A==",
			"dev": true,
			"requires": {
				"is-core-module": "^2.2.0",
				"path-parse": "^1.0.6"
			}
		},
		"supports-color": {
			"version": "7.2.0",
			"resolved": "https://registry.npmjs.org/supports-color/-/supports-color-7.2.0.tgz",
			"integrity": "sha512-qpCAvRl9stuOHveKsn7HncJRvv501qIacKzQlO/+Lwxc9+0q2wLyv4Dfvt80/DPn2pqOBsJdDiogXGR9+OvwRw==",
			"dev": true,
			"requires": {
				"has-flag": "^4.0.0"
			}
		},
		"ts-jest": {
			"version": "27.0.3",
			"resolved": "https://registry.npmjs.org/ts-jest/-/ts-jest-27.0.3.tgz",
			"integrity": "sha512-U5rdMjnYam9Ucw+h0QvtNDbc5+88nxt7tbIvqaZUhFrfG4+SkWhMXjejCLVGcpILTPuV+H3W/GZDZrnZFpPeXw==",
			"dev": true,
			"requires": {
				"bs-logger": "0.x",
				"buffer-from": "1.x",
				"fast-json-stable-stringify": "2.x",
				"jest-util": "^27.0.0",
				"json5": "2.x",
				"lodash": "4.x",
				"make-error": "1.x",
				"mkdirp": "1.x",
				"semver": "7.x",
				"yargs-parser": "20.x"
			},
			"dependencies": {
				"semver": {
					"version": "7.3.5",
					"resolved": "https://registry.npmjs.org/semver/-/semver-7.3.5.tgz",
					"integrity": "sha512-PoeGJYh8HK4BTO/a9Tf6ZG3veo/A7ZVsYrSA6J8ny9nb3B1VrpkuN+z9OE5wfE5p6H4LchYZsegiQgbJD94ZFQ==",
					"dev": true,
					"requires": {
						"lru-cache": "^6.0.0"
					}
				}
			}
		},
		"tslib": {
			"version": "2.2.0",
			"resolved": "https://registry.npmjs.org/tslib/-/tslib-2.2.0.tgz",
			"integrity": "sha512-gS9GVHRU+RGn5KQM2rllAlR3dU6m7AcpJKdtH8gFvQiC4Otgk98XnmMU+nZenHt/+VhnBPWwgrJsyrdcw6i23w==",
			"dev": true
		},
		"typescript": {
			"version": "4.3.2",
			"resolved": "https://registry.npmjs.org/typescript/-/typescript-4.3.2.tgz",
			"integrity": "sha512-zZ4hShnmnoVnAHpVHWpTcxdv7dWP60S2FsydQLV8V5PbS3FifjWFFRiHSWpDJahly88PRyV5teTSLoq4eG7mKw==",
			"dev": true
		},
		"yallist": {
			"version": "4.0.0",
			"resolved": "https://registry.npmjs.org/yallist/-/yallist-4.0.0.tgz",
			"integrity": "sha512-3wdGidZyq5PB084XLES5TpOSRA3wjXAlIWMhum2kRcv/41Sn2emQ0dycQW4uZXLejwKvg6EsvbdlVL+FYEct7A==",
			"dev": true
		},
		"yargs-parser": {
			"version": "20.2.7",
			"resolved": "https://registry.npmjs.org/yargs-parser/-/yargs-parser-20.2.7.tgz",
			"integrity": "sha512-FiNkvbeHzB/syOjIUxFDCnhSfzAL8R5vs40MgLFBorXACCOAEaWu0gRZl14vG8MR9AOJIZbmkjhusqBYZ3HTHw==",
			"dev": true
		}
	}
}
